// !$*UTF8*$!
{
	archiveVersion = 1;
	classes = {
	};
	objectVersion = 46;
	objects = {

/* Begin PBXBuildFile section */
		040AC7461D2EA9F00054D7FD /* AppDelegate.swift in Sources */ = {isa = PBXBuildFile; fileRef = 040AC7451D2EA9F00054D7FD /* AppDelegate.swift */; };
		040AC7481D2EA9F00054D7FD /* ViewController.swift in Sources */ = {isa = PBXBuildFile; fileRef = 040AC7471D2EA9F00054D7FD /* ViewController.swift */; };
		040AC74B1D2EA9F00054D7FD /* Main.storyboard in Resources */ = {isa = PBXBuildFile; fileRef = 040AC7491D2EA9F00054D7FD /* Main.storyboard */; };
		040AC74D1D2EA9F00054D7FD /* Assets.xcassets in Resources */ = {isa = PBXBuildFile; fileRef = 040AC74C1D2EA9F00054D7FD /* Assets.xcassets */; };
		040AC7501D2EA9F00054D7FD /* LaunchScreen.storyboard in Resources */ = {isa = PBXBuildFile; fileRef = 040AC74E1D2EA9F00054D7FD /* LaunchScreen.storyboard */; };
/* End PBXBuildFile section */

/* Begin PBXFileReference section */
		040AC7421D2EA9F00054D7FD /* OOP.app */ = {isa = PBXFileReference; explicitFileType = wrapper.application; includeInIndex = 0; path = OOP.app; sourceTree = BUILT_PRODUCTS_DIR; };
		040AC7451D2EA9F00054D7FD /* AppDelegate.swift */ = {isa = PBXFileReference; lastKnownFileType = sourcecode.swift; path = AppDelegate.swift; sourceTree = "<group>"; };
		040AC7471D2EA9F00054D7FD /* ViewController.swift */ = {isa = PBXFileReference; lastKnownFileType = sourcecode.swift; path = ViewController.swift; sourceTree = "<group>"; };
		040AC74A1D2EA9F00054D7FD /* Base */ = {isa = PBXFileReference; lastKnownFileType = file.storyboard; name = Base; path = Base.lproj/Main.storyboard; sourceTree = "<group>"; };
		040AC74C1D2EA9F00054D7FD /* Assets.xcassets */ = {isa = PBXFileReference; lastKnownFileType = folder.assetcatalog; path = Assets.xcassets; sourceTree = "<group>"; };
		040AC74F1D2EA9F00054D7FD /* Base */ = {isa = PBXFileReference; lastKnownFileType = file.storyboard; name = Base; path = Base.lproj/LaunchScreen.storyboard; sourceTree = "<group>"; };
		040AC7511D2EA9F00054D7FD /* Info.plist */ = {isa = PBXFileReference; lastKnownFileType = text.plist.xml; path = Info.plist; sourceTree = "<group>"; };
/* End PBXFileReference section */

/* Begin PBXFrameworksBuildPhase section */
		040AC73F1D2EA9F00054D7FD /* Frameworks */ = {
			isa = PBXFrameworksBuildPhase;
			buildActionMask = 2147483647;
			files = (
			);
			runOnlyForDeploymentPostprocessing = 0;
		};
/* End PBXFrameworksBuildPhase section */

/* Begin PBXGroup section */
		040AC7391D2EA9F00054D7FD = {
			isa = PBXGroup;
			children = (
				040AC7441D2EA9F00054D7FD /* OOP */,
				040AC7431D2EA9F00054D7FD /* Products */,
			);
			sourceTree = "<group>";
		};
		040AC7431D2EA9F00054D7FD /* Products */ = {
			isa = PBXGroup;
			children = (
				040AC7421D2EA9F00054D7FD /* OOP.app */,
			);
			name = Products;
			sourceTree = "<group>";
		};
		040AC7441D2EA9F00054D7FD /* OOP */ = {
			isa = PBXGroup;
			children = (
				040AC7451D2EA9F00054D7FD /* AppDelegate.swift */,
				040AC7471D2EA9F00054D7FD /* ViewController.swift */,
				040AC7491D2EA9F00054D7FD /* Main.storyboard */,
				040AC74C1D2EA9F00054D7FD /* Assets.xcassets */,
				040AC74E1D2EA9F00054D7FD /* LaunchScreen.storyboard */,
				040AC7511D2EA9F00054D7FD /* Info.plist */,
			);
			path = OOP;
			sourceTree = "<group>";
		};
/* End PBXGroup section */

/* Begin PBXNativeTarget section */
		040AC7411D2EA9F00054D7FD /* OOP */ = {
			isa = PBXNativeTarget;
			buildConfigurationList = 040AC7541D2EA9F00054D7FD /* Build configuration list for PBXNativeTarget "OOP" */;
			buildPhases = (
				040AC73E1D2EA9F00054D7FD /* Sources */,
				040AC73F1D2EA9F00054D7FD /* Frameworks */,
				040AC7401D2EA9F00054D7FD /* Resources */,
			);
			buildRules = (
			);
			dependencies = (
			);
			name = OOP;
			productName = OOP;
			productReference = 040AC7421D2EA9F00054D7FD /* OOP.app */;
			productType = "com.apple.product-type.application";
		};
/* End PBXNativeTarget section */

/* Begin PBXProject section */
		040AC73A1D2EA9F00054D7FD /* Project object */ = {
			isa = PBXProject;
			attributes = {
				LastSwiftUpdateCheck = 0730;
				LastUpgradeCheck = 0730;
				ORGANIZATIONNAME = Suppt;
				TargetAttributes = {
					040AC7411D2EA9F00054D7FD = {
						CreatedOnToolsVersion = 7.3.1;
						DevelopmentTeam = M4B22LSM5N;
					};
				};
			};
			buildConfigurationList = 040AC73D1D2EA9F00054D7FD /* Build configuration list for PBXProject "OOP" */;
			compatibilityVersion = "Xcode 3.2";
			developmentRegion = English;
			hasScannedForEncodings = 0;
			knownRegions = (
				en,
				Base,
			);
			mainGroup = 040AC7391D2EA9F00054D7FD;
			productRefGroup = 040AC7431D2EA9F00054D7FD /* Products */;
			projectDirPath = "";
			projectRoot = "";
			targets = (
				040AC7411D2EA9F00054D7FD /* OOP */,
			);
		};
/* End PBXProject section */

/* Begin PBXResourcesBuildPhase section */
		040AC7401D2EA9F00054D7FD /* Resources */ = {
			isa = PBXResourcesBuildPhase;
			buildActionMask = 2147483647;
			files = (
				040AC7501D2EA9F00054D7FD /* LaunchScreen.storyboard in Resources */,
				040AC74D1D2EA9F00054D7FD /* Assets.xcassets in Resources */,
				040AC74B1D2EA9F00054D7FD /* Main.storyboard in Resources */,
			);
			runOnlyForDeploymentPostprocessing = 0;
		};
/* End PBXResourcesBuildPhase section */

/* Begin PBXSourcesBuildPhase section */
		040AC73E1D2EA9F00054D7FD /* Sources */ = {
			isa = PBXSourcesBuildPhase;
			buildActionMask = 2147483647;
			files = (
				040AC7481D2EA9F00054D7FD /* ViewController.swift in Sources */,
				040AC7461D2EA9F00054D7FD /* AppDelegate.swift in Sources */,
			);
			runOnlyForDeploymentPostprocessing = 0;
		};
/* End PBXSourcesBuildPhase section */

/* Begin PBXVariantGroup section */
		040AC7491D2EA9F00054D7FD /* Main.storyboard */ = {
			isa = PBXVariantGroup;
			children = (
				040AC74A1D2EA9F00054D7FD /* Base */,
			);
			name = Main.storyboard;
			sourceTree = "<group>";
		};
		040AC74E1D2EA9F00054D7FD /* LaunchScreen.storyboard */ = {
			isa = PBXVariantGroup;
			children = (
				040AC74F1D2EA9F00054D7FD /* Base */,
			);
			name = LaunchScreen.storyboard;
			sourceTree = "<group>";
		};
/* End PBXVariantGroup section */

/* Begin XCBuildConfiguration section */
		040AC7521D2EA9F00054D7FD /* Debug */ = {
			isa = XCBuildConfiguration;
			buildSettings = {
				ALWAYS_SEARCH_USER_PATHS = NO;
				CLANG_ANALYZER_NONNULL = YES;
				CLANG_CXX_LANGUAGE_STANDARD = "gnu++0x";
				CLANG_CXX_LIBRARY = "libc++";
				CLANG_ENABLE_MODULES = YES;
				CLANG_ENABLE_OBJC_ARC = YES;
				CLANG_WARN_BOOL_CONVERSION = YES;
				CLANG_WARN_CONSTANT_CONVERSION = YES;
				CLANG_WARN_DIRECT_OBJC_ISA_USAGE = YES_ERROR;
				CLANG_WARN_EMPTY_BODY = YES;
				CLANG_WARN_ENUM_CONVERSION = YES;
				CLANG_WARN_INT_CONVERSION = YES;
				CLANG_WARN_OBJC_ROOT_CLASS = YES_ERROR;
				CLANG_WARN_UNREACHABLE_CODE = YES;
				CLANG_WARN__DUPLICATE_METHOD_MATCH = YES;
				"CODE_SIGN_IDENTITY[sdk=iphoneos*]" = "iPhone Developer";
				COPY_PHASE_STRIP = NO;
				DEBUG_INFORMATION_FORMAT = dwarf;
				ENABLE_STRICT_OBJC_MSGSEND = YES;
				ENABLE_TESTABILITY = YES;
				GCC_C_LANGUAGE_STANDARD = gnu99;
				GCC_DYNAMIC_NO_PIC = NO;
				GCC_NO_COMMON_BLOCKS = YES;
				GCC_OPTIMIZATION_LEVEL = 0;
				GCC_PREPROCESSOR_DEFINITIONS = (
					"DEBUG=1",
					"$(inherited)",
				);
				GCC_WARN_64_TO_32_BIT_CONVERSION = YES;
				GCC_WARN_ABOUT_RETURN_TYPE = YES_ERROR;
				GCC_WARN_UNDECLARED_SELECTOR = YES;
				GCC_WARN_UNINITIALIZED_AUTOS = YES_AGGRESSIVE;
				GCC_WARN_UNUSED_FUNCTION = YES;
				GCC_WARN_UNUSED_VARIABLE = YES;
				IPHONEOS_DEPLOYMENT_TARGET = 9.3;
				MTL_ENABLE_DEBUG_INFO = YES;
				ONLY_ACTIVE_ARCH = YES;
				SDKROOT = iphoneos;
				SWIFT_OPTIMIZATION_LEVEL = "-Onone";
				TARGETED_DEVICE_FAMILY = "1,2";
			};
			name = Debug;
		};
		040AC7531D2EA9F00054D7FD /* Release */ = {
			isa = XCBuildConfiguration;
			buildSettings = {
				ALWAYS_SEARCH_USER_PATHS = NO;
				CLANG_ANALYZER_NONNULL = YES;
				CLANG_CXX_LANGUAGE_STANDARD = "gnu++0x";
				CLANG_CXX_LIBRARY = "libc++";
				CLANG_ENABLE_MODULES = YES;
				CLANG_ENABLE_OBJC_ARC = YES;
				CLANG_WARN_BOOL_CONVERSION = YES;
				CLANG_WARN_CONSTANT_CONVERSION = YES;
				CLANG_WARN_DIRECT_OBJC_ISA_USAGE = YES_ERROR;
				CLANG_WARN_EMPTY_BODY = YES;
				CLANG_WARN_ENUM_CONVERSION = YES;
				CLANG_WARN_INT_CONVERSION = YES;
				CLANG_WARN_OBJC_ROOT_CLASS = YES_ERROR;
				CLANG_WARN_UNREACHABLE_CODE = YES;
				CLANG_WARN__DUPLICATE_METHOD_MATCH = YES;
				"CODE_SIGN_IDENTITY[sdk=iphoneos*]" = "iPhone Developer";
				COPY_PHASE_STRIP = NO;
				DEBUG_INFORMATION_FORMAT = "dwarf-with-dsym";
				ENABLE_NS_ASSERTIONS = NO;
				ENABLE_STRICT_OBJC_MSGSEND = YES;
				GCC_C_LANGUAGE_STANDARD = gnu99;
				GCC_NO_COMMON_BLOCKS = YES;
				GCC_WARN_64_TO_32_BIT_CONVERSION = YES;
				GCC_WARN_ABOUT_RETURN_TYPE = YES_ERROR;
				GCC_WARN_UNDECLARED_SELECTOR = YES;
				GCC_WARN_UNINITIALIZED_AUTOS = YES_AGGRESSIVE;
				GCC_WARN_UNUSED_FUNCTION = YES;
				GCC_WARN_UNUSED_VARIABLE = YES;
				IPHONEOS_DEPLOYMENT_TARGET = 9.3;
				MTL_ENABLE_DEBUG_INFO = NO;
				SDKROOT = iphoneos;
				TARGETED_DEVICE_FAMILY = "1,2";
				VALIDATE_PRODUCT = YES;
			};
			name = Release;
		};
		040AC7551D2EA9F00054D7FD /* Debug */ = {
			isa = XCBuildConfiguration;
			buildSettings = {
				ASSETCATALOG_COMPILER_APPICON_NAME = AppIcon;
				INFOPLIST_FILE = OOP/Info.plist;
				LD_RUNPATH_SEARCH_PATHS = "$(inherited) @executable_path/Frameworks";
				PRODUCT_BUNDLE_IDENTIFIER = com.suppt.OOP;
				PRODUCT_NAME = "$(TARGET_NAME)";
			};
			name = Debug;
		};
		040AC7561D2EA9F00054D7FD /* Release */ = {
			isa = XCBuildConfiguration;
			buildSettings = {
				ASSETCATALOG_COMPILER_APPICON_NAME = AppIcon;
				INFOPLIST_FILE = OOP/Info.plist;
				LD_RUNPATH_SEARCH_PATHS = "$(inherited) @executable_path/Frameworks";
				PRODUCT_BUNDLE_IDENTIFIER = com.suppt.OOP;
				PRODUCT_NAME = "$(TARGET_NAME)";
			};
			name = Release;
		};
/* End XCBuildConfiguration section */

/* Begin XCConfigurationList section */
		040AC73D1D2EA9F00054D7FD /* Build configuration list for PBXProject "OOP" */ = {
			isa = XCConfigurationList;
			buildConfigurations = (
				040AC7521D2EA9F00054D7FD /* Debug */,
				040AC7531D2EA9F00054D7FD /* Release */,
			);
			defaultConfigurationIsVisible = 0;
			defaultConfigurationName = Release;
		};
		040AC7541D2EA9F00054D7FD /* Build configuration list for PBXNativeTarget "OOP" */ = {
			isa = XCConfigurationList;
			buildConfigurations = (
				040AC7551D2EA9F00054D7FD /* Debug */,
				040AC7561D2EA9F00054D7FD /* Release */,
			);
			defaultConfigurationIsVisible = 0;
		};
/* End XCConfigurationList section */
	};
	rootObject = 040AC73A1D2EA9F00054D7FD /* Project object */;
}
